
Microsoft Visual Studio Solution File, Format Version 12.00
# Visual Studio 15
VisualStudioVersion = 15.0.28307.136
MinimumVisualStudioVersion = 10.0.40219.1
Project("{F184B08F-C81C-45F6-A57F-5ABD9991F28F}") = "CookieShopDemo", "CookieShopDemo\CookieShopDemo.vbproj", "{6349923A-C4F1-4EF8-9D3E-BE845A7CE8E8}"
EndProject
Project("{FAE04EC0-301F-11D3-BF4B-00C04F79EFBC}") = "CookieShopCore", "CookieShopCore\CookieShopCore.csproj", "{F3E0D6D2-EC9C-43C4-B592-0786F83EE791}"
EndProject
Project("{FAE04EC0-301F-11D3-BF4B-00C04F79EFBC}") = "CookieShopCoreTests", "CookieShopCoreTests\CookieShopCoreTests.csproj", "{47E1B2F3-B7EB-4F4A-A893-07B2E7C45ED6}"
EndProject
Global
	GlobalSection(SolutionConfigurationPlatforms) = preSolution
		Debug|Any CPU = Debug|Any CPU
		Release|Any CPU = Release|Any CPU
	EndGlobalSection
	GlobalSection(ProjectConfigurationPlatforms) = postSolution
		{6349923A-C4F1-4EF8-9D3E-BE845A7CE8E8}.Debug|Any CPU.ActiveCfg = Debug|Any CPU
		{6349923A-C4F1-4EF8-9D3E-BE845A7CE8E8}.Debug|Any CPU.Build.0 = Debug|Any CPU
		{6349923A-C4F1-4EF8-9D3E-BE845A7CE8E8}.Release|Any CPU.ActiveCfg = Release|Any CPU
		{6349923A-C4F1-4EF8-9D3E-BE845A7CE8E8}.Release|Any CPU.Build.0 = Release|Any CPU
		{F3E0D6D2-EC9C-43C4-B592-0786F83EE791}.Debug|Any CPU.ActiveCfg = Debug|Any CPU
		{F3E0D6D2-EC9C-43C4-B592-0786F83EE791}.Debug|Any CPU.Build.0 = Debug|Any CPU
		{F3E0D6D2-EC9C-43C4-B592-0786F83EE791}.Release|Any CPU.ActiveCfg = Release|Any CPU
		{F3E0D6D2-EC9C-43C4-B592-0786F83EE791}.Release|Any CPU.Build.0 = Release|Any CPU
		{47E1B2F3-B7EB-4F4A-A893-07B2E7C45ED6}.Debug|Any CPU.ActiveCfg = Debug|Any CPU
		{47E1B2F3-B7EB-4F4A-A893-07B2E7C45ED6}.Debug|Any CPU.Build.0 = Debug|Any CPU
		{47E1B2F3-B7EB-4F4A-A893-07B2E7C45ED6}.Release|Any CPU.ActiveCfg = Release|Any CPU
		{47E1B2F3-B7EB-4F4A-A893-07B2E7C45ED6}.Release|Any CPU.Build.0 = Release|Any CPU
	EndGlobalSection
	GlobalSection(SolutionProperties) = preSolution
		HideSolutionNode = FALSE
	EndGlobalSection
	GlobalSection(ExtensibilityGlobals) = postSolution
		SolutionGuid = {4BEA582C-595E-423E-9B0B-C6D09B6016A3}
	EndGlobalSection
EndGlobal
